
Microsoft Visual Studio Solution File, Format Version 12.00
# Visual Studio 15
VisualStudioVersion = 15.0.27130.2036
MinimumVisualStudioVersion = 10.0.40219.1
Project("{FAE04EC0-301F-11D3-BF4B-00C04F79EFBC}") = "AndreiAbabei.Personal", "AndreiAbabei.Personal\AndreiAbabei.Personal.csproj", "{FFC02A9A-9D8F-412A-8ECE-69539CF6E2B8}"
EndProject
Global
	GlobalSection(SolutionConfigurationPlatforms) = preSolution
		Debug|Any CPU = Debug|Any CPU
		Release|Any CPU = Release|Any CPU
	EndGlobalSection
	GlobalSection(ProjectConfigurationPlatforms) = postSolution
		{FFC02A9A-9D8F-412A-8ECE-69539CF6E2B8}.Debug|Any CPU.ActiveCfg = Debug|Any CPU
		{FFC02A9A-9D8F-412A-8ECE-69539CF6E2B8}.Debug|Any CPU.Build.0 = Debug|Any CPU
		{FFC02A9A-9D8F-412A-8ECE-69539CF6E2B8}.Release|Any CPU.ActiveCfg = Release|Any CPU
		{FFC02A9A-9D8F-412A-8ECE-69539CF6E2B8}.Release|Any CPU.Build.0 = Release|Any CPU
	EndGlobalSection
	GlobalSection(SolutionProperties) = preSolution
		HideSolutionNode = FALSE
	EndGlobalSection
	GlobalSection(ExtensibilityGlobals) = postSolution
		SolutionGuid = {858C2DF7-78F9-4719-AE16-5937CC8DAC19}
	EndGlobalSection
EndGlobal
